// !$*UTF8*$!
{
	archiveVersion = 1;
	classes = {
	};
	objectVersion = 50;
	objects = {

/* Begin PBXBuildFile section */
		7010A61D20B019E40071AD49 /* ApiConfiguration.swift in Sources */ = {isa = PBXBuildFile; fileRef = 7010A61C20B019E40071AD49 /* ApiConfiguration.swift */; };
		7010A61F20B1AF630071AD49 /* UITextField.swift in Sources */ = {isa = PBXBuildFile; fileRef = 7010A61E20B1AF630071AD49 /* UITextField.swift */; };
		7010A62120B1CB7D0071AD49 /* GradientView.swift in Sources */ = {isa = PBXBuildFile; fileRef = 7010A62020B1CB7D0071AD49 /* GradientView.swift */; };
		70143ACD20AFFB4A00F0FB14 /* Launch Screen.storyboard in Resources */ = {isa = PBXBuildFile; fileRef = 70143ACC20AFFB4A00F0FB14 /* Launch Screen.storyboard */; };
		70143ACF20B0069300F0FB14 /* UIButton.swift in Sources */ = {isa = PBXBuildFile; fileRef = 70143ACE20B0069300F0FB14 /* UIButton.swift */; };
		70CBD17720B2A8EF005689B8 /* GCDBlackBox.swift in Sources */ = {isa = PBXBuildFile; fileRef = 70CBD17620B2A8EF005689B8 /* GCDBlackBox.swift */; };
		70D7C46220AFEB08003B9817 /* AppDelegate.swift in Sources */ = {isa = PBXBuildFile; fileRef = 70D7C46120AFEB08003B9817 /* AppDelegate.swift */; };
		70D7C46420AFEB08003B9817 /* LoginViewController.swift in Sources */ = {isa = PBXBuildFile; fileRef = 70D7C46320AFEB08003B9817 /* LoginViewController.swift */; };
		70D7C46720AFEB08003B9817 /* Main.storyboard in Resources */ = {isa = PBXBuildFile; fileRef = 70D7C46520AFEB08003B9817 /* Main.storyboard */; };
		70D7C46920AFEB09003B9817 /* Assets.xcassets in Resources */ = {isa = PBXBuildFile; fileRef = 70D7C46820AFEB09003B9817 /* Assets.xcassets */; };
/* End PBXBuildFile section */

/* Begin PBXFileReference section */
		7010A61C20B019E40071AD49 /* ApiConfiguration.swift */ = {isa = PBXFileReference; lastKnownFileType = sourcecode.swift; path = ApiConfiguration.swift; sourceTree = "<group>"; };
		7010A61E20B1AF630071AD49 /* UITextField.swift */ = {isa = PBXFileReference; lastKnownFileType = sourcecode.swift; path = UITextField.swift; sourceTree = "<group>"; };
		7010A62020B1CB7D0071AD49 /* GradientView.swift */ = {isa = PBXFileReference; lastKnownFileType = sourcecode.swift; path = GradientView.swift; sourceTree = "<group>"; };
		70143ACC20AFFB4A00F0FB14 /* Launch Screen.storyboard */ = {isa = PBXFileReference; lastKnownFileType = file.storyboard; path = "Launch Screen.storyboard"; sourceTree = "<group>"; };
		70143ACE20B0069300F0FB14 /* UIButton.swift */ = {isa = PBXFileReference; lastKnownFileType = sourcecode.swift; path = UIButton.swift; sourceTree = "<group>"; };
		70CBD17620B2A8EF005689B8 /* GCDBlackBox.swift */ = {isa = PBXFileReference; lastKnownFileType = sourcecode.swift; path = GCDBlackBox.swift; sourceTree = "<group>"; };
		70D7C45E20AFEB08003B9817 /* TianIann.app */ = {isa = PBXFileReference; explicitFileType = wrapper.application; includeInIndex = 0; path = TianIann.app; sourceTree = BUILT_PRODUCTS_DIR; };
		70D7C46120AFEB08003B9817 /* AppDelegate.swift */ = {isa = PBXFileReference; lastKnownFileType = sourcecode.swift; path = AppDelegate.swift; sourceTree = "<group>"; };
		70D7C46320AFEB08003B9817 /* LoginViewController.swift */ = {isa = PBXFileReference; lastKnownFileType = sourcecode.swift; path = LoginViewController.swift; sourceTree = "<group>"; };
		70D7C46620AFEB08003B9817 /* Base */ = {isa = PBXFileReference; lastKnownFileType = file.storyboard; name = Base; path = Base.lproj/Main.storyboard; sourceTree = "<group>"; };
		70D7C46820AFEB09003B9817 /* Assets.xcassets */ = {isa = PBXFileReference; lastKnownFileType = folder.assetcatalog; path = Assets.xcassets; sourceTree = "<group>"; };
		70D7C46D20AFEB09003B9817 /* Info.plist */ = {isa = PBXFileReference; lastKnownFileType = text.plist.xml; path = Info.plist; sourceTree = "<group>"; };
/* End PBXFileReference section */

/* Begin PBXFrameworksBuildPhase section */
		70D7C45B20AFEB08003B9817 /* Frameworks */ = {
			isa = PBXFrameworksBuildPhase;
			buildActionMask = 2147483647;
			files = (
			);
			runOnlyForDeploymentPostprocessing = 0;
		};
/* End PBXFrameworksBuildPhase section */

/* Begin PBXGroup section */
		70CBD17220B2A6F4005689B8 /* Configuration */ = {
			isa = PBXGroup;
			children = (
				7010A61C20B019E40071AD49 /* ApiConfiguration.swift */,
			);
			path = Configuration;
			sourceTree = "<group>";
		};
		70CBD17520B2A898005689B8 /* Library */ = {
			isa = PBXGroup;
			children = (
				70CBD17620B2A8EF005689B8 /* GCDBlackBox.swift */,
			);
			path = Library;
			sourceTree = "<group>";
		};
		70D7C45520AFEB08003B9817 = {
			isa = PBXGroup;
			children = (
				70D7C45F20AFEB08003B9817 /* Products */,
				70D7C46020AFEB08003B9817 /* TianIann */,
			);
			sourceTree = "<group>";
		};
		70D7C45F20AFEB08003B9817 /* Products */ = {
			isa = PBXGroup;
			children = (
				70D7C45E20AFEB08003B9817 /* TianIann.app */,
			);
			name = Products;
			sourceTree = "<group>";
		};
		70D7C46020AFEB08003B9817 /* TianIann */ = {
			isa = PBXGroup;
			children = (
				70CBD17520B2A898005689B8 /* Library */,
				70CBD17220B2A6F4005689B8 /* Configuration */,
				70D7C47420AFF98F003B9817 /* Extension */,
				70D7C47720AFF9C0003B9817 /* Controller */,
				70D7C47320AFF8EE003B9817 /* Storyboard */,
				70D7C46120AFEB08003B9817 /* AppDelegate.swift */,
				70D7C46820AFEB09003B9817 /* Assets.xcassets */,
				70D7C46D20AFEB09003B9817 /* Info.plist */,
			);
			path = TianIann;
			sourceTree = "<group>";
		};
		70D7C47320AFF8EE003B9817 /* Storyboard */ = {
			isa = PBXGroup;
			children = (
				70D7C46520AFEB08003B9817 /* Main.storyboard */,
				70143ACC20AFFB4A00F0FB14 /* Launch Screen.storyboard */,
			);
			path = Storyboard;
			sourceTree = "<group>";
		};
		70D7C47420AFF98F003B9817 /* Extension */ = {
			isa = PBXGroup;
			children = (
				70143ACE20B0069300F0FB14 /* UIButton.swift */,
				7010A61E20B1AF630071AD49 /* UITextField.swift */,
				7010A62020B1CB7D0071AD49 /* GradientView.swift */,
			);
			path = Extension;
			sourceTree = "<group>";
		};
		70D7C47720AFF9C0003B9817 /* Controller */ = {
			isa = PBXGroup;
			children = (
				70D7C46320AFEB08003B9817 /* LoginViewController.swift */,
			);
			path = Controller;
			sourceTree = "<group>";
		};
/* End PBXGroup section */

/* Begin PBXNativeTarget section */
		70D7C45D20AFEB08003B9817 /* TianIann */ = {
			isa = PBXNativeTarget;
			buildConfigurationList = 70D7C47020AFEB09003B9817 /* Build configuration list for PBXNativeTarget "TianIann" */;
			buildPhases = (
				70D7C45A20AFEB08003B9817 /* Sources */,
				70D7C45B20AFEB08003B9817 /* Frameworks */,
				70D7C45C20AFEB08003B9817 /* Resources */,
			);
			buildRules = (
			);
			dependencies = (
			);
			name = TianIann;
			productName = TianIann;
			productReference = 70D7C45E20AFEB08003B9817 /* TianIann.app */;
			productType = "com.apple.product-type.application";
		};
/* End PBXNativeTarget section */

/* Begin PBXProject section */
		70D7C45620AFEB08003B9817 /* Project object */ = {
			isa = PBXProject;
			attributes = {
				LastSwiftUpdateCheck = 0930;
				LastUpgradeCheck = 0930;
				ORGANIZATIONNAME = PinguMac;
				TargetAttributes = {
					70D7C45D20AFEB08003B9817 = {
						CreatedOnToolsVersion = 9.3.1;
					};
				};
			};
			buildConfigurationList = 70D7C45920AFEB08003B9817 /* Build configuration list for PBXProject "TianIann" */;
			compatibilityVersion = "Xcode 9.3";
			developmentRegion = en;
			hasScannedForEncodings = 0;
			knownRegions = (
				en,
				Base,
			);
			mainGroup = 70D7C45520AFEB08003B9817;
			productRefGroup = 70D7C45F20AFEB08003B9817 /* Products */;
			projectDirPath = "";
			projectRoot = "";
			targets = (
				70D7C45D20AFEB08003B9817 /* TianIann */,
			);
		};
/* End PBXProject section */

/* Begin PBXResourcesBuildPhase section */
		70D7C45C20AFEB08003B9817 /* Resources */ = {
			isa = PBXResourcesBuildPhase;
			buildActionMask = 2147483647;
			files = (
				70143ACD20AFFB4A00F0FB14 /* Launch Screen.storyboard in Resources */,
				70D7C46920AFEB09003B9817 /* Assets.xcassets in Resources */,
				70D7C46720AFEB08003B9817 /* Main.storyboard in Resources */,
			);
			runOnlyForDeploymentPostprocessing = 0;
		};
/* End PBXResourcesBuildPhase section */

/* Begin PBXSourcesBuildPhase section */
		70D7C45A20AFEB08003B9817 /* Sources */ = {
			isa = PBXSourcesBuildPhase;
			buildActionMask = 2147483647;
			files = (
				70D7C46420AFEB08003B9817 /* LoginViewController.swift in Sources */,
				7010A61F20B1AF630071AD49 /* UITextField.swift in Sources */,
				70D7C46220AFEB08003B9817 /* AppDelegate.swift in Sources */,
				70143ACF20B0069300F0FB14 /* UIButton.swift in Sources */,
				7010A62120B1CB7D0071AD49 /* GradientView.swift in Sources */,
				7010A61D20B019E40071AD49 /* ApiConfiguration.swift in Sources */,
				70CBD17720B2A8EF005689B8 /* GCDBlackBox.swift in Sources */,
			);
			runOnlyForDeploymentPostprocessing = 0;
		};
/* End PBXSourcesBuildPhase section */

/* Begin PBXVariantGroup section */
		70D7C46520AFEB08003B9817 /* Main.storyboard */ = {
			isa = PBXVariantGroup;
			children = (
				70D7C46620AFEB08003B9817 /* Base */,
			);
			name = Main.storyboard;
			sourceTree = "<group>";
		};
/* End PBXVariantGroup section */

/* Begin XCBuildConfiguration section */
		70D7C46E20AFEB09003B9817 /* Debug */ = {
			isa = XCBuildConfiguration;
			buildSettings = {
				ALWAYS_SEARCH_USER_PATHS = NO;
				CLANG_ANALYZER_NONNULL = YES;
				CLANG_ANALYZER_NUMBER_OBJECT_CONVERSION = YES_AGGRESSIVE;
				CLANG_CXX_LANGUAGE_STANDARD = "gnu++14";
				CLANG_CXX_LIBRARY = "libc++";
				CLANG_ENABLE_MODULES = YES;
				CLANG_ENABLE_OBJC_ARC = YES;
				CLANG_ENABLE_OBJC_WEAK = YES;
				CLANG_WARN_BLOCK_CAPTURE_AUTORELEASING = YES;
				CLANG_WARN_BOOL_CONVERSION = YES;
				CLANG_WARN_COMMA = YES;
				CLANG_WARN_CONSTANT_CONVERSION = YES;
				CLANG_WARN_DEPRECATED_OBJC_IMPLEMENTATIONS = YES;
				CLANG_WARN_DIRECT_OBJC_ISA_USAGE = YES_ERROR;
				CLANG_WARN_DOCUMENTATION_COMMENTS = YES;
				CLANG_WARN_EMPTY_BODY = YES;
				CLANG_WARN_ENUM_CONVERSION = YES;
				CLANG_WARN_INFINITE_RECURSION = YES;
				CLANG_WARN_INT_CONVERSION = YES;
				CLANG_WARN_NON_LITERAL_NULL_CONVERSION = YES;
				CLANG_WARN_OBJC_IMPLICIT_RETAIN_SELF = YES;
				CLANG_WARN_OBJC_LITERAL_CONVERSION = YES;
				CLANG_WARN_OBJC_ROOT_CLASS = YES_ERROR;
				CLANG_WARN_RANGE_LOOP_ANALYSIS = YES;
				CLANG_WARN_STRICT_PROTOTYPES = YES;
				CLANG_WARN_SUSPICIOUS_MOVE = YES;
				CLANG_WARN_UNGUARDED_AVAILABILITY = YES_AGGRESSIVE;
				CLANG_WARN_UNREACHABLE_CODE = YES;
				CLANG_WARN__DUPLICATE_METHOD_MATCH = YES;
				CODE_SIGN_IDENTITY = "iPhone Developer";
				COPY_PHASE_STRIP = NO;
				DEBUG_INFORMATION_FORMAT = dwarf;
				ENABLE_STRICT_OBJC_MSGSEND = YES;
				ENABLE_TESTABILITY = YES;
				GCC_C_LANGUAGE_STANDARD = gnu11;
				GCC_DYNAMIC_NO_PIC = NO;
				GCC_NO_COMMON_BLOCKS = YES;
				GCC_OPTIMIZATION_LEVEL = 0;
				GCC_PREPROCESSOR_DEFINITIONS = (
					"DEBUG=1",
					"$(inherited)",
				);
				GCC_WARN_64_TO_32_BIT_CONVERSION = YES;
				GCC_WARN_ABOUT_RETURN_TYPE = YES_ERROR;
				GCC_WARN_UNDECLARED_SELECTOR = YES;
				GCC_WARN_UNINITIALIZED_AUTOS = YES_AGGRESSIVE;
				GCC_WARN_UNUSED_FUNCTION = YES;
				GCC_WARN_UNUSED_VARIABLE = YES;
				IPHONEOS_DEPLOYMENT_TARGET = 11.3;
				MTL_ENABLE_DEBUG_INFO = YES;
				ONLY_ACTIVE_ARCH = YES;
				SDKROOT = iphoneos;
				SWIFT_ACTIVE_COMPILATION_CONDITIONS = DEBUG;
				SWIFT_OPTIMIZATION_LEVEL = "-Onone";
			};
			name = Debug;
		};
		70D7C46F20AFEB09003B9817 /* Release */ = {
			isa = XCBuildConfiguration;
			buildSettings = {
				ALWAYS_SEARCH_USER_PATHS = NO;
				CLANG_ANALYZER_NONNULL = YES;
				CLANG_ANALYZER_NUMBER_OBJECT_CONVERSION = YES_AGGRESSIVE;
				CLANG_CXX_LANGUAGE_STANDARD = "gnu++14";
				CLANG_CXX_LIBRARY = "libc++";
				CLANG_ENABLE_MODULES = YES;
				CLANG_ENABLE_OBJC_ARC = YES;
				CLANG_ENABLE_OBJC_WEAK = YES;
				CLANG_WARN_BLOCK_CAPTURE_AUTORELEASING = YES;
				CLANG_WARN_BOOL_CONVERSION = YES;
				CLANG_WARN_COMMA = YES;
				CLANG_WARN_CONSTANT_CONVERSION = YES;
				CLANG_WARN_DEPRECATED_OBJC_IMPLEMENTATIONS = YES;
				CLANG_WARN_DIRECT_OBJC_ISA_USAGE = YES_ERROR;
				CLANG_WARN_DOCUMENTATION_COMMENTS = YES;
				CLANG_WARN_EMPTY_BODY = YES;
				CLANG_WARN_ENUM_CONVERSION = YES;
				CLANG_WARN_INFINITE_RECURSION = YES;
				CLANG_WARN_INT_CONVERSION = YES;
				CLANG_WARN_NON_LITERAL_NULL_CONVERSION = YES;
				CLANG_WARN_OBJC_IMPLICIT_RETAIN_SELF = YES;
				CLANG_WARN_OBJC_LITERAL_CONVERSION = YES;
				CLANG_WARN_OBJC_ROOT_CLASS = YES_ERROR;
				CLANG_WARN_RANGE_LOOP_ANALYSIS = YES;
				CLANG_WARN_STRICT_PROTOTYPES = YES;
				CLANG_WARN_SUSPICIOUS_MOVE = YES;
				CLANG_WARN_UNGUARDED_AVAILABILITY = YES_AGGRESSIVE;
				CLANG_WARN_UNREACHABLE_CODE = YES;
				CLANG_WARN__DUPLICATE_METHOD_MATCH = YES;
				CODE_SIGN_IDENTITY = "iPhone Developer";
				COPY_PHASE_STRIP = NO;
				DEBUG_INFORMATION_FORMAT = "dwarf-with-dsym";
				ENABLE_NS_ASSERTIONS = NO;
				ENABLE_STRICT_OBJC_MSGSEND = YES;
				GCC_C_LANGUAGE_STANDARD = gnu11;
				GCC_NO_COMMON_BLOCKS = YES;
				GCC_WARN_64_TO_32_BIT_CONVERSION = YES;
				GCC_WARN_ABOUT_RETURN_TYPE = YES_ERROR;
				GCC_WARN_UNDECLARED_SELECTOR = YES;
				GCC_WARN_UNINITIALIZED_AUTOS = YES_AGGRESSIVE;
				GCC_WARN_UNUSED_FUNCTION = YES;
				GCC_WARN_UNUSED_VARIABLE = YES;
				IPHONEOS_DEPLOYMENT_TARGET = 11.3;
				MTL_ENABLE_DEBUG_INFO = NO;
				SDKROOT = iphoneos;
				SWIFT_COMPILATION_MODE = wholemodule;
				SWIFT_OPTIMIZATION_LEVEL = "-O";
				VALIDATE_PRODUCT = YES;
			};
			name = Release;
		};
		70D7C47120AFEB09003B9817 /* Debug */ = {
			isa = XCBuildConfiguration;
			buildSettings = {
				ASSETCATALOG_COMPILER_APPICON_NAME = AppIcon;
				CODE_SIGN_STYLE = Automatic;
				DEVELOPMENT_TEAM = XRUZX72PMD;
				INFOPLIST_FILE = TianIann/Info.plist;
				IPHONEOS_DEPLOYMENT_TARGET = 11.3;
				LD_RUNPATH_SEARCH_PATHS = (
					"$(inherited)",
					"@executable_path/Frameworks",
				);
				PRODUCT_BUNDLE_IDENTIFIER = PinguDemo.TianIann;
				PRODUCT_NAME = "$(TARGET_NAME)";
				SWIFT_VERSION = 4.0;
				TARGETED_DEVICE_FAMILY = "1,2";
			};
			name = Debug;
		};
		70D7C47220AFEB09003B9817 /* Release */ = {
			isa = XCBuildConfiguration;
			buildSettings = {
				ASSETCATALOG_COMPILER_APPICON_NAME = AppIcon;
				CODE_SIGN_STYLE = Automatic;
				DEVELOPMENT_TEAM = XRUZX72PMD;
				INFOPLIST_FILE = TianIann/Info.plist;
				IPHONEOS_DEPLOYMENT_TARGET = 11.3;
				LD_RUNPATH_SEARCH_PATHS = (
					"$(inherited)",
					"@executable_path/Frameworks",
				);
				PRODUCT_BUNDLE_IDENTIFIER = PinguDemo.TianIann;
				PRODUCT_NAME = "$(TARGET_NAME)";
				SWIFT_VERSION = 4.0;
				TARGETED_DEVICE_FAMILY = "1,2";
			};
			name = Release;
		};
/* End XCBuildConfiguration section */

/* Begin XCConfigurationList section */
		70D7C45920AFEB08003B9817 /* Build configuration list for PBXProject "TianIann" */ = {
			isa = XCConfigurationList;
			buildConfigurations = (
				70D7C46E20AFEB09003B9817 /* Debug */,
				70D7C46F20AFEB09003B9817 /* Release */,
			);
			defaultConfigurationIsVisible = 0;
			defaultConfigurationName = Release;
		};
		70D7C47020AFEB09003B9817 /* Build configuration list for PBXNativeTarget "TianIann" */ = {
			isa = XCConfigurationList;
			buildConfigurations = (
				70D7C47120AFEB09003B9817 /* Debug */,
				70D7C47220AFEB09003B9817 /* Release */,
			);
			defaultConfigurationIsVisible = 0;
			defaultConfigurationName = Release;
		};
/* End XCConfigurationList section */
	};
	rootObject = 70D7C45620AFEB08003B9817 /* Project object */;
}
